
Microsoft Visual Studio Solution File, Format Version 12.00
# Visual Studio 15
Project("{FAE04EC0-301F-11D3-BF4B-00C04F79EFBC}") = "Assembly-CSharp", "Assembly-CSharp.csproj", "{364685A5-170C-609F-7156-387B0E46FDDA}"
EndProject
Project("{FAE04EC0-301F-11D3-BF4B-00C04F79EFBC}") = "Assembly-CSharp", "Assembly-CSharp.Player.csproj", "{E4E6418A-2CA1-AF2F-BD43-99B8D51405C0}"
EndProject
Global
	GlobalSection(SolutionConfigurationPlatforms) = preSolution
		Debug|Any CPU = Debug|Any CPU
		Release|Any CPU = Release|Any CPU
	EndGlobalSection
	GlobalSection(ProjectConfigurationPlatforms) = postSolution
		{364685A5-170C-609F-7156-387B0E46FDDA}.Debug|Any CPU.ActiveCfg = Debug|Any CPU
		{364685A5-170C-609F-7156-387B0E46FDDA}.Debug|Any CPU.Build.0 = Debug|Any CPU
		{364685A5-170C-609F-7156-387B0E46FDDA}.Release|Any CPU.ActiveCfg = Release|Any CPU
		{364685A5-170C-609F-7156-387B0E46FDDA}.Release|Any CPU.Build.0 = Release|Any CPU
		{E4E6418A-2CA1-AF2F-BD43-99B8D51405C0}.Debug|Any CPU.ActiveCfg = Debug|Any CPU
		{E4E6418A-2CA1-AF2F-BD43-99B8D51405C0}.Debug|Any CPU.Build.0 = Debug|Any CPU
		{E4E6418A-2CA1-AF2F-BD43-99B8D51405C0}.Release|Any CPU.ActiveCfg = Release|Any CPU
		{E4E6418A-2CA1-AF2F-BD43-99B8D51405C0}.Release|Any CPU.Build.0 = Release|Any CPU
	EndGlobalSection
	GlobalSection(SolutionProperties) = preSolution
		HideSolutionNode = FALSE
	EndGlobalSection
EndGlobal
